<Solution>
  <Folder Name="/src/">
    <Project Path="src/PrinciPal.Contracts/PrinciPal.Contracts.csproj" />
    <Project Path="src/PrinciPal.McpServer/PrinciPal.McpServer.csproj" />
    <Project Path="src/PrinciPal.Extension/PrinciPal.Extension.csproj" />
  </Folder>
  <Folder Name="/tests/">
    <Project Path="tests/PrinciPal.McpServer.Tests/PrinciPal.McpServer.Tests.csproj" />
  </Folder>
  <Folder Name="/.claude/">
    <File Path="CLAUDE.md" />
    <File Path=".claude/skills/start-mcp/SKILL.md" />
    <File Path=".claude/skills/stop-mcp/SKILL.md" />
    <File Path=".claude/skills/build-vsix/SKILL.md" />
    <File Path=".claude/skills/debug-status/SKILL.md" />
  </Folder>
</Solution>
